
Microsoft Visual Studio Solution File, Format Version 12.00
# Visual Studio Version 16
VisualStudioVersion = 16.0.31112.23
MinimumVisualStudioVersion = 10.0.40219.1
Project("{FAE04EC0-301F-11D3-BF4B-00C04F79EFBC}") = "pokedex-form", "pokedex-form\pokedex-form.csproj", "{56880B9C-06D2-407B-BFB5-E1F36BF71A02}"
EndProject
Global
	GlobalSection(SolutionConfigurationPlatforms) = preSolution
		Debug|Any CPU = Debug|Any CPU
		Release|Any CPU = Release|Any CPU
	EndGlobalSection
	GlobalSection(ProjectConfigurationPlatforms) = postSolution
		{56880B9C-06D2-407B-BFB5-E1F36BF71A02}.Debug|Any CPU.ActiveCfg = Debug|Any CPU
		{56880B9C-06D2-407B-BFB5-E1F36BF71A02}.Debug|Any CPU.Build.0 = Debug|Any CPU
		{56880B9C-06D2-407B-BFB5-E1F36BF71A02}.Release|Any CPU.ActiveCfg = Release|Any CPU
		{56880B9C-06D2-407B-BFB5-E1F36BF71A02}.Release|Any CPU.Build.0 = Release|Any CPU
	EndGlobalSection
	GlobalSection(SolutionProperties) = preSolution
		HideSolutionNode = FALSE
	EndGlobalSection
	GlobalSection(ExtensibilityGlobals) = postSolution
		SolutionGuid = {2DD4090D-27E0-45F3-977E-1B11AA42DCF7}
	EndGlobalSection
EndGlobal
